
Microsoft Visual Studio Solution File, Format Version 12.00
# Visual Studio Version 16
VisualStudioVersion = 16.0.30523.141
MinimumVisualStudioVersion = 10.0.40219.1
Project("{9A19103F-16F7-4668-BE54-9A1E7A4F7556}") = "GuessNumber", "GuessANumber\GuessNumber.csproj", "{08718AC2-1BAF-425C-8B32-257CDBA3470E}"
EndProject
Project("{9A19103F-16F7-4668-BE54-9A1E7A4F7556}") = "GuessNumber.Lib", "GuessANumber.Lib\GuessNumber.Lib.csproj", "{2CBDB39F-BC9A-4BAF-AEB5-A3B1AD64711A}"
EndProject
Project("{FAE04EC0-301F-11D3-BF4B-00C04F79EFBC}") = "GuessNumber.Lib.Tests", "GuessNumber.Lib.Tests\GuessNumber.Lib.Tests.csproj", "{6D854C14-3532-45B7-881C-9557D3293105}"
EndProject
Global
	GlobalSection(SolutionConfigurationPlatforms) = preSolution
		Debug|Any CPU = Debug|Any CPU
		Release|Any CPU = Release|Any CPU
	EndGlobalSection
	GlobalSection(ProjectConfigurationPlatforms) = postSolution
		{08718AC2-1BAF-425C-8B32-257CDBA3470E}.Debug|Any CPU.ActiveCfg = Debug|Any CPU
		{08718AC2-1BAF-425C-8B32-257CDBA3470E}.Debug|Any CPU.Build.0 = Debug|Any CPU
		{08718AC2-1BAF-425C-8B32-257CDBA3470E}.Release|Any CPU.ActiveCfg = Release|Any CPU
		{08718AC2-1BAF-425C-8B32-257CDBA3470E}.Release|Any CPU.Build.0 = Release|Any CPU
		{2CBDB39F-BC9A-4BAF-AEB5-A3B1AD64711A}.Debug|Any CPU.ActiveCfg = Debug|Any CPU
		{2CBDB39F-BC9A-4BAF-AEB5-A3B1AD64711A}.Debug|Any CPU.Build.0 = Debug|Any CPU
		{2CBDB39F-BC9A-4BAF-AEB5-A3B1AD64711A}.Release|Any CPU.ActiveCfg = Release|Any CPU
		{2CBDB39F-BC9A-4BAF-AEB5-A3B1AD64711A}.Release|Any CPU.Build.0 = Release|Any CPU
		{6D854C14-3532-45B7-881C-9557D3293105}.Debug|Any CPU.ActiveCfg = Debug|Any CPU
		{6D854C14-3532-45B7-881C-9557D3293105}.Debug|Any CPU.Build.0 = Debug|Any CPU
		{6D854C14-3532-45B7-881C-9557D3293105}.Release|Any CPU.ActiveCfg = Release|Any CPU
		{6D854C14-3532-45B7-881C-9557D3293105}.Release|Any CPU.Build.0 = Release|Any CPU
	EndGlobalSection
	GlobalSection(SolutionProperties) = preSolution
		HideSolutionNode = FALSE
	EndGlobalSection
	GlobalSection(ExtensibilityGlobals) = postSolution
		SolutionGuid = {107117E9-F4F8-4A15-BBC1-ADEA49AD3BE7}
	EndGlobalSection
EndGlobal
